
Microsoft Visual Studio Solution File, Format Version 12.00
# Visual Studio Version 16
VisualStudioVersion = 16.0.29209.62
MinimumVisualStudioVersion = 10.0.40219.1
Project("{FAE04EC0-301F-11D3-BF4B-00C04F79EFBC}") = "Capitals", "Capitals\Capitals.csproj", "{2F0E3A3B-1971-42E3-9D03-B194E01FF8F6}"
EndProject
Global
	GlobalSection(SolutionConfigurationPlatforms) = preSolution
		Debug|Any CPU = Debug|Any CPU
		Release|Any CPU = Release|Any CPU
	EndGlobalSection
	GlobalSection(ProjectConfigurationPlatforms) = postSolution
		{2F0E3A3B-1971-42E3-9D03-B194E01FF8F6}.Debug|Any CPU.ActiveCfg = Debug|Any CPU
		{2F0E3A3B-1971-42E3-9D03-B194E01FF8F6}.Debug|Any CPU.Build.0 = Debug|Any CPU
		{2F0E3A3B-1971-42E3-9D03-B194E01FF8F6}.Release|Any CPU.ActiveCfg = Release|Any CPU
		{2F0E3A3B-1971-42E3-9D03-B194E01FF8F6}.Release|Any CPU.Build.0 = Release|Any CPU
	EndGlobalSection
	GlobalSection(SolutionProperties) = preSolution
		HideSolutionNode = FALSE
	EndGlobalSection
	GlobalSection(ExtensibilityGlobals) = postSolution
		SolutionGuid = {0160E0C1-B832-4784-B083-3F1E78F07E78}
	EndGlobalSection
EndGlobal
